Microsoft Visual Studio Solution File, Format Version 12.00
# Visual Studio Version 17
VisualStudioVersion = 17.8.34330.188
MinimumVisualStudioVersion = 10.0.40219.1
Project("{9A19103F-16F7-4668-BE54-9A1E7A4F7556}") = "NW.MarkdownTables", "src\NW.MarkdownTables\NW.MarkdownTables.csproj", "{42350748-E7DB-4CAB-BBB2-4C8879EAE6D8}"
EndProject
Project("{9A19103F-16F7-4668-BE54-9A1E7A4F7556}") = "NW.MarkdownTables.UnitTests", "tests\NW.MarkdownTables.UnitTests\NW.MarkdownTables.UnitTests.csproj", "{F2D1FB42-0D27-4DAD-8F8B-BC9CB1FEBB7F}"
EndProject
Project("{9A19103F-16F7-4668-BE54-9A1E7A4F7556}") = "NW.MarkdownTablesClient", "src\NW.MarkdownTablesClient\NW.MarkdownTablesClient.csproj", "{70B901AC-3CBA-4B94-A175-6F90CF319E45}"
EndProject
Global
	GlobalSection(SolutionConfigurationPlatforms) = preSolution
		Debug|Any CPU = Debug|Any CPU
		Release|Any CPU = Release|Any CPU
	EndGlobalSection
	GlobalSection(ProjectConfigurationPlatforms) = postSolution
		{42350748-E7DB-4CAB-BBB2-4C8879EAE6D8}.Debug|Any CPU.ActiveCfg = Debug|Any CPU
		{42350748-E7DB-4CAB-BBB2-4C8879EAE6D8}.Debug|Any CPU.Build.0 = Debug|Any CPU
		{42350748-E7DB-4CAB-BBB2-4C8879EAE6D8}.Release|Any CPU.ActiveCfg = Release|Any CPU
		{42350748-E7DB-4CAB-BBB2-4C8879EAE6D8}.Release|Any CPU.Build.0 = Release|Any CPU
		{F2D1FB42-0D27-4DAD-8F8B-BC9CB1FEBB7F}.Debug|Any CPU.ActiveCfg = Debug|Any CPU
		{F2D1FB42-0D27-4DAD-8F8B-BC9CB1FEBB7F}.Debug|Any CPU.Build.0 = Debug|Any CPU
		{F2D1FB42-0D27-4DAD-8F8B-BC9CB1FEBB7F}.Release|Any CPU.ActiveCfg = Release|Any CPU
		{F2D1FB42-0D27-4DAD-8F8B-BC9CB1FEBB7F}.Release|Any CPU.Build.0 = Release|Any CPU
		{70B901AC-3CBA-4B94-A175-6F90CF319E45}.Debug|Any CPU.ActiveCfg = Debug|Any CPU
		{70B901AC-3CBA-4B94-A175-6F90CF319E45}.Debug|Any CPU.Build.0 = Debug|Any CPU
		{70B901AC-3CBA-4B94-A175-6F90CF319E45}.Release|Any CPU.ActiveCfg = Release|Any CPU
		{70B901AC-3CBA-4B94-A175-6F90CF319E45}.Release|Any CPU.Build.0 = Release|Any CPU
	EndGlobalSection
	GlobalSection(SolutionProperties) = preSolution
		HideSolutionNode = FALSE
	EndGlobalSection
	GlobalSection(ExtensibilityGlobals) = postSolution
		SolutionGuid = {5CAA9AA7-1208-4CC6-8A15-C39B477DFCBD}
	EndGlobalSection
EndGlobal
